
Microsoft Visual Studio Solution File, Format Version 12.00
# Visual Studio Version 17
VisualStudioVersion = 17.13.35825.156 d17.13
MinimumVisualStudioVersion = 10.0.40219.1
Project("{FAE04EC0-301F-11D3-BF4B-00C04F79EFBC}") = "Inventari_Vehicles_Generalitat", "Inventari_Vehicles_Generalitat\Inventari_Vehicles_Generalitat.csproj", "{D2A3EEED-5936-4FE1-A45C-890CDE5D2AAF}"
EndProject
Global
	GlobalSection(SolutionConfigurationPlatforms) = preSolution
		Debug|Any CPU = Debug|Any CPU
		Release|Any CPU = Release|Any CPU
	EndGlobalSection
	GlobalSection(ProjectConfigurationPlatforms) = postSolution
		{D2A3EEED-5936-4FE1-A45C-890CDE5D2AAF}.Debug|Any CPU.ActiveCfg = Debug|Any CPU
		{D2A3EEED-5936-4FE1-A45C-890CDE5D2AAF}.Debug|Any CPU.Build.0 = Debug|Any CPU
		{D2A3EEED-5936-4FE1-A45C-890CDE5D2AAF}.Release|Any CPU.ActiveCfg = Release|Any CPU
		{D2A3EEED-5936-4FE1-A45C-890CDE5D2AAF}.Release|Any CPU.Build.0 = Release|Any CPU
	EndGlobalSection
	GlobalSection(SolutionProperties) = preSolution
		HideSolutionNode = FALSE
	EndGlobalSection
	GlobalSection(ExtensibilityGlobals) = postSolution
		SolutionGuid = {67DD2D12-26A3-4A3B-9C80-256DADBBD7B2}
	EndGlobalSection
EndGlobal
